
Microsoft Visual Studio Solution File, Format Version 12.00
# Visual Studio 15
VisualStudioVersion = 15.0.28307.572
MinimumVisualStudioVersion = 10.0.40219.1
Project("{9A19103F-16F7-4668-BE54-9A1E7A4F7556}") = "ProjectMono.Service", "ProjectMono.Service\ProjectMono.Service.csproj", "{D32CA9AE-E6A6-40D6-9B3D-AF7C5FA619D4}"
EndProject
Global
	GlobalSection(SolutionConfigurationPlatforms) = preSolution
		Debug|Any CPU = Debug|Any CPU
		Release|Any CPU = Release|Any CPU
	EndGlobalSection
	GlobalSection(ProjectConfigurationPlatforms) = postSolution
		{D32CA9AE-E6A6-40D6-9B3D-AF7C5FA619D4}.Debug|Any CPU.ActiveCfg = Debug|Any CPU
		{D32CA9AE-E6A6-40D6-9B3D-AF7C5FA619D4}.Debug|Any CPU.Build.0 = Debug|Any CPU
		{D32CA9AE-E6A6-40D6-9B3D-AF7C5FA619D4}.Release|Any CPU.ActiveCfg = Release|Any CPU
		{D32CA9AE-E6A6-40D6-9B3D-AF7C5FA619D4}.Release|Any CPU.Build.0 = Release|Any CPU
	EndGlobalSection
	GlobalSection(SolutionProperties) = preSolution
		HideSolutionNode = FALSE
	EndGlobalSection
	GlobalSection(ExtensibilityGlobals) = postSolution
		SolutionGuid = {41D6D051-FED4-48DF-AFB5-B2EB62891D5D}
	EndGlobalSection
EndGlobal
